
Microsoft Visual Studio Solution File, Format Version 12.00
# Visual Studio Version 17
VisualStudioVersion = 17.0.31903.59
MinimumVisualStudioVersion = 10.0.40219.1
Project("{FAE04EC0-301F-11D3-BF4B-00C04F79EFBC}") = "HelpDesk.Api", "HelpDesk.Api\HelpDesk.Api.csproj", "{11B641C1-7996-4819-A8CB-B90BE3B7A325}"
EndProject
Project("{2150E333-8FDC-42A3-9474-1A3956D46DE8}") = "Modules", "Modules", "{CA253913-39DE-BFD0-C9A3-4B7EC6FBDF17}"
EndProject
Project("{FAE04EC0-301F-11D3-BF4B-00C04F79EFBC}") = "HelpDesk.Billing", "Modules\HelpDesk.Billing\HelpDesk.Billing.csproj", "{28CBA38B-F905-4F38-9D61-A000398D0E4E}"
EndProject
Project("{FAE04EC0-301F-11D3-BF4B-00C04F79EFBC}") = "HelpDesk.Contracts", "Modules\HelpDesk.Contracts\HelpDesk.Contracts.csproj", "{9DDFEAC8-0869-4782-BFAE-0D70A6268EE4}"
EndProject
Project("{FAE04EC0-301F-11D3-BF4B-00C04F79EFBC}") = "HelpDesk.Customers", "Modules\HelpDesk.Customers\HelpDesk.Customers.csproj", "{8E3A7092-0EF8-49FE-AC8C-269DA29B5DD3}"
EndProject
Project("{FAE04EC0-301F-11D3-BF4B-00C04F79EFBC}") = "HelpDesk.Incidents", "Modules\HelpDesk.Incidents\HelpDesk.Incidents.csproj", "{6F10E175-9C42-4848-A185-C0D3D1CC8DD4}"
EndProject
Project("{FAE04EC0-301F-11D3-BF4B-00C04F79EFBC}") = "HelpDesk.Notifications", "HelpDesk.Notifications\HelpDesk.Notifications.csproj", "{139BB5B4-73F0-4EDB-86CC-5F20EE1D3F89}"
EndProject
Project("{FAE04EC0-301F-11D3-BF4B-00C04F79EFBC}") = "HelpDesk.Tests", "HelpDesk.Tests\HelpDesk.Tests.csproj", "{CA3DC955-F8A0-42D6-B97D-F2AD9DCD64FA}"
EndProject
Global
	GlobalSection(SolutionConfigurationPlatforms) = preSolution
		Debug|Any CPU = Debug|Any CPU
		Debug|x64 = Debug|x64
		Debug|x86 = Debug|x86
		Release|Any CPU = Release|Any CPU
		Release|x64 = Release|x64
		Release|x86 = Release|x86
	EndGlobalSection
	GlobalSection(ProjectConfigurationPlatforms) = postSolution
		{11B641C1-7996-4819-A8CB-B90BE3B7A325}.Debug|Any CPU.ActiveCfg = Debug|Any CPU
		{11B641C1-7996-4819-A8CB-B90BE3B7A325}.Debug|Any CPU.Build.0 = Debug|Any CPU
		{11B641C1-7996-4819-A8CB-B90BE3B7A325}.Debug|x64.ActiveCfg = Debug|Any CPU
		{11B641C1-7996-4819-A8CB-B90BE3B7A325}.Debug|x64.Build.0 = Debug|Any CPU
		{11B641C1-7996-4819-A8CB-B90BE3B7A325}.Debug|x86.ActiveCfg = Debug|Any CPU
		{11B641C1-7996-4819-A8CB-B90BE3B7A325}.Debug|x86.Build.0 = Debug|Any CPU
		{11B641C1-7996-4819-A8CB-B90BE3B7A325}.Release|Any CPU.ActiveCfg = Release|Any CPU
		{11B641C1-7996-4819-A8CB-B90BE3B7A325}.Release|Any CPU.Build.0 = Release|Any CPU
		{11B641C1-7996-4819-A8CB-B90BE3B7A325}.Release|x64.ActiveCfg = Release|Any CPU
		{11B641C1-7996-4819-A8CB-B90BE3B7A325}.Release|x64.Build.0 = Release|Any CPU
		{11B641C1-7996-4819-A8CB-B90BE3B7A325}.Release|x86.ActiveCfg = Release|Any CPU
		{11B641C1-7996-4819-A8CB-B90BE3B7A325}.Release|x86.Build.0 = Release|Any CPU
		{28CBA38B-F905-4F38-9D61-A000398D0E4E}.Debug|Any CPU.ActiveCfg = Debug|Any CPU
		{28CBA38B-F905-4F38-9D61-A000398D0E4E}.Debug|Any CPU.Build.0 = Debug|Any CPU
		{28CBA38B-F905-4F38-9D61-A000398D0E4E}.Debug|x64.ActiveCfg = Debug|Any CPU
		{28CBA38B-F905-4F38-9D61-A000398D0E4E}.Debug|x64.Build.0 = Debug|Any CPU
		{28CBA38B-F905-4F38-9D61-A000398D0E4E}.Debug|x86.ActiveCfg = Debug|Any CPU
		{28CBA38B-F905-4F38-9D61-A000398D0E4E}.Debug|x86.Build.0 = Debug|Any CPU
		{28CBA38B-F905-4F38-9D61-A000398D0E4E}.Release|Any CPU.ActiveCfg = Release|Any CPU
		{28CBA38B-F905-4F38-9D61-A000398D0E4E}.Release|Any CPU.Build.0 = Release|Any CPU
		{28CBA38B-F905-4F38-9D61-A000398D0E4E}.Release|x64.ActiveCfg = Release|Any CPU
		{28CBA38B-F905-4F38-9D61-A000398D0E4E}.Release|x64.Build.0 = Release|Any CPU
		{28CBA38B-F905-4F38-9D61-A000398D0E4E}.Release|x86.ActiveCfg = Release|Any CPU
		{28CBA38B-F905-4F38-9D61-A000398D0E4E}.Release|x86.Build.0 = Release|Any CPU
		{9DDFEAC8-0869-4782-BFAE-0D70A6268EE4}.Debug|Any CPU.ActiveCfg = Debug|Any CPU
		{9DDFEAC8-0869-4782-BFAE-0D70A6268EE4}.Debug|Any CPU.Build.0 = Debug|Any CPU
		{9DDFEAC8-0869-4782-BFAE-0D70A6268EE4}.Debug|x64.ActiveCfg = Debug|Any CPU
		{9DDFEAC8-0869-4782-BFAE-0D70A6268EE4}.Debug|x64.Build.0 = Debug|Any CPU
		{9DDFEAC8-0869-4782-BFAE-0D70A6268EE4}.Debug|x86.ActiveCfg = Debug|Any CPU
		{9DDFEAC8-0869-4782-BFAE-0D70A6268EE4}.Debug|x86.Build.0 = Debug|Any CPU
		{9DDFEAC8-0869-4782-BFAE-0D70A6268EE4}.Release|Any CPU.ActiveCfg = Release|Any CPU
		{9DDFEAC8-0869-4782-BFAE-0D70A6268EE4}.Release|Any CPU.Build.0 = Release|Any CPU
		{9DDFEAC8-0869-4782-BFAE-0D70A6268EE4}.Release|x64.ActiveCfg = Release|Any CPU
		{9DDFEAC8-0869-4782-BFAE-0D70A6268EE4}.Release|x64.Build.0 = Release|Any CPU
		{9DDFEAC8-0869-4782-BFAE-0D70A6268EE4}.Release|x86.ActiveCfg = Release|Any CPU
		{9DDFEAC8-0869-4782-BFAE-0D70A6268EE4}.Release|x86.Build.0 = Release|Any CPU
		{8E3A7092-0EF8-49FE-AC8C-269DA29B5DD3}.Debug|Any CPU.ActiveCfg = Debug|Any CPU
		{8E3A7092-0EF8-49FE-AC8C-269DA29B5DD3}.Debug|Any CPU.Build.0 = Debug|Any CPU
		{8E3A7092-0EF8-49FE-AC8C-269DA29B5DD3}.Debug|x64.ActiveCfg = Debug|Any CPU
		{8E3A7092-0EF8-49FE-AC8C-269DA29B5DD3}.Debug|x64.Build.0 = Debug|Any CPU
		{8E3A7092-0EF8-49FE-AC8C-269DA29B5DD3}.Debug|x86.ActiveCfg = Debug|Any CPU
		{8E3A7092-0EF8-49FE-AC8C-269DA29B5DD3}.Debug|x86.Build.0 = Debug|Any CPU
		{8E3A7092-0EF8-49FE-AC8C-269DA29B5DD3}.Release|Any CPU.ActiveCfg = Release|Any CPU
		{8E3A7092-0EF8-49FE-AC8C-269DA29B5DD3}.Release|Any CPU.Build.0 = Release|Any CPU
		{8E3A7092-0EF8-49FE-AC8C-269DA29B5DD3}.Release|x64.ActiveCfg = Release|Any CPU
		{8E3A7092-0EF8-49FE-AC8C-269DA29B5DD3}.Release|x64.Build.0 = Release|Any CPU
		{8E3A7092-0EF8-49FE-AC8C-269DA29B5DD3}.Release|x86.ActiveCfg = Release|Any CPU
		{8E3A7092-0EF8-49FE-AC8C-269DA29B5DD3}.Release|x86.Build.0 = Release|Any CPU
		{6F10E175-9C42-4848-A185-C0D3D1CC8DD4}.Debug|Any CPU.ActiveCfg = Debug|Any CPU
		{6F10E175-9C42-4848-A185-C0D3D1CC8DD4}.Debug|Any CPU.Build.0 = Debug|Any CPU
		{6F10E175-9C42-4848-A185-C0D3D1CC8DD4}.Debug|x64.ActiveCfg = Debug|Any CPU
		{6F10E175-9C42-4848-A185-C0D3D1CC8DD4}.Debug|x64.Build.0 = Debug|Any CPU
		{6F10E175-9C42-4848-A185-C0D3D1CC8DD4}.Debug|x86.ActiveCfg = Debug|Any CPU
		{6F10E175-9C42-4848-A185-C0D3D1CC8DD4}.Debug|x86.Build.0 = Debug|Any CPU
		{6F10E175-9C42-4848-A185-C0D3D1CC8DD4}.Release|Any CPU.ActiveCfg = Release|Any CPU
		{6F10E175-9C42-4848-A185-C0D3D1CC8DD4}.Release|Any CPU.Build.0 = Release|Any CPU
		{6F10E175-9C42-4848-A185-C0D3D1CC8DD4}.Release|x64.ActiveCfg = Release|Any CPU
		{6F10E175-9C42-4848-A185-C0D3D1CC8DD4}.Release|x64.Build.0 = Release|Any CPU
		{6F10E175-9C42-4848-A185-C0D3D1CC8DD4}.Release|x86.ActiveCfg = Release|Any CPU
		{6F10E175-9C42-4848-A185-C0D3D1CC8DD4}.Release|x86.Build.0 = Release|Any CPU
		{139BB5B4-73F0-4EDB-86CC-5F20EE1D3F89}.Debug|Any CPU.ActiveCfg = Debug|Any CPU
		{139BB5B4-73F0-4EDB-86CC-5F20EE1D3F89}.Debug|Any CPU.Build.0 = Debug|Any CPU
		{139BB5B4-73F0-4EDB-86CC-5F20EE1D3F89}.Debug|x64.ActiveCfg = Debug|Any CPU
		{139BB5B4-73F0-4EDB-86CC-5F20EE1D3F89}.Debug|x64.Build.0 = Debug|Any CPU
		{139BB5B4-73F0-4EDB-86CC-5F20EE1D3F89}.Debug|x86.ActiveCfg = Debug|Any CPU
		{139BB5B4-73F0-4EDB-86CC-5F20EE1D3F89}.Debug|x86.Build.0 = Debug|Any CPU
		{139BB5B4-73F0-4EDB-86CC-5F20EE1D3F89}.Release|Any CPU.ActiveCfg = Release|Any CPU
		{139BB5B4-73F0-4EDB-86CC-5F20EE1D3F89}.Release|Any CPU.Build.0 = Release|Any CPU
		{139BB5B4-73F0-4EDB-86CC-5F20EE1D3F89}.Release|x64.ActiveCfg = Release|Any CPU
		{139BB5B4-73F0-4EDB-86CC-5F20EE1D3F89}.Release|x64.Build.0 = Release|Any CPU
		{139BB5B4-73F0-4EDB-86CC-5F20EE1D3F89}.Release|x86.ActiveCfg = Release|Any CPU
		{139BB5B4-73F0-4EDB-86CC-5F20EE1D3F89}.Release|x86.Build.0 = Release|Any CPU
		{CA3DC955-F8A0-42D6-B97D-F2AD9DCD64FA}.Debug|Any CPU.ActiveCfg = Debug|Any CPU
		{CA3DC955-F8A0-42D6-B97D-F2AD9DCD64FA}.Debug|Any CPU.Build.0 = Debug|Any CPU
		{CA3DC955-F8A0-42D6-B97D-F2AD9DCD64FA}.Debug|x64.ActiveCfg = Debug|Any CPU
		{CA3DC955-F8A0-42D6-B97D-F2AD9DCD64FA}.Debug|x64.Build.0 = Debug|Any CPU
		{CA3DC955-F8A0-42D6-B97D-F2AD9DCD64FA}.Debug|x86.ActiveCfg = Debug|Any CPU
		{CA3DC955-F8A0-42D6-B97D-F2AD9DCD64FA}.Debug|x86.Build.0 = Debug|Any CPU
		{CA3DC955-F8A0-42D6-B97D-F2AD9DCD64FA}.Release|Any CPU.ActiveCfg = Release|Any CPU
		{CA3DC955-F8A0-42D6-B97D-F2AD9DCD64FA}.Release|Any CPU.Build.0 = Release|Any CPU
		{CA3DC955-F8A0-42D6-B97D-F2AD9DCD64FA}.Release|x64.ActiveCfg = Release|Any CPU
		{CA3DC955-F8A0-42D6-B97D-F2AD9DCD64FA}.Release|x64.Build.0 = Release|Any CPU
		{CA3DC955-F8A0-42D6-B97D-F2AD9DCD64FA}.Release|x86.ActiveCfg = Release|Any CPU
		{CA3DC955-F8A0-42D6-B97D-F2AD9DCD64FA}.Release|x86.Build.0 = Release|Any CPU
	EndGlobalSection
	GlobalSection(SolutionProperties) = preSolution
		HideSolutionNode = FALSE
	EndGlobalSection
	GlobalSection(NestedProjects) = preSolution
		{28CBA38B-F905-4F38-9D61-A000398D0E4E} = {CA253913-39DE-BFD0-C9A3-4B7EC6FBDF17}
		{9DDFEAC8-0869-4782-BFAE-0D70A6268EE4} = {CA253913-39DE-BFD0-C9A3-4B7EC6FBDF17}
		{8E3A7092-0EF8-49FE-AC8C-269DA29B5DD3} = {CA253913-39DE-BFD0-C9A3-4B7EC6FBDF17}
		{6F10E175-9C42-4848-A185-C0D3D1CC8DD4} = {CA253913-39DE-BFD0-C9A3-4B7EC6FBDF17}
	EndGlobalSection
EndGlobal
